
Microsoft Visual Studio Solution File, Format Version 12.00
# Visual Studio Version 16
VisualStudioVersion = 16.0.31129.286
MinimumVisualStudioVersion = 10.0.40219.1
Project("{FAE04EC0-301F-11D3-BF4B-00C04F79EFBC}") = "ConversorDataPassada", "ConversorDataPassada.csproj", "{B65E553C-C4F9-4E6D-A619-CC4E5BC53B6C}"
EndProject
Project("{FAE04EC0-301F-11D3-BF4B-00C04F79EFBC}") = "TesteDataConversor.UnitTest", "..\TesteDataConversor.UnitTest\TesteDataConversor.UnitTest.csproj", "{036297F6-A2DC-4FD6-9539-6FB68C7CC673}"
EndProject
Global
	GlobalSection(SolutionConfigurationPlatforms) = preSolution
		Debug|Any CPU = Debug|Any CPU
		Release|Any CPU = Release|Any CPU
	EndGlobalSection
	GlobalSection(ProjectConfigurationPlatforms) = postSolution
		{B65E553C-C4F9-4E6D-A619-CC4E5BC53B6C}.Debug|Any CPU.ActiveCfg = Debug|Any CPU
		{B65E553C-C4F9-4E6D-A619-CC4E5BC53B6C}.Debug|Any CPU.Build.0 = Debug|Any CPU
		{B65E553C-C4F9-4E6D-A619-CC4E5BC53B6C}.Release|Any CPU.ActiveCfg = Release|Any CPU
		{B65E553C-C4F9-4E6D-A619-CC4E5BC53B6C}.Release|Any CPU.Build.0 = Release|Any CPU
		{036297F6-A2DC-4FD6-9539-6FB68C7CC673}.Debug|Any CPU.ActiveCfg = Debug|Any CPU
		{036297F6-A2DC-4FD6-9539-6FB68C7CC673}.Debug|Any CPU.Build.0 = Debug|Any CPU
		{036297F6-A2DC-4FD6-9539-6FB68C7CC673}.Release|Any CPU.ActiveCfg = Release|Any CPU
		{036297F6-A2DC-4FD6-9539-6FB68C7CC673}.Release|Any CPU.Build.0 = Release|Any CPU
	EndGlobalSection
	GlobalSection(SolutionProperties) = preSolution
		HideSolutionNode = FALSE
	EndGlobalSection
	GlobalSection(ExtensibilityGlobals) = postSolution
		SolutionGuid = {CA8F147F-38D4-4C20-902A-9DCD2CFBDD83}
	EndGlobalSection
EndGlobal
